# This file is automatically @generated by Poetry 2.1.4 and should not be changed by hand.

[[package]]
name = "pytubefix"
version = "7.4.0"
description = "Python3 library for downloading YouTube Videos."
optional = false
python-versions = ">=3.7"
groups = ["main"]
files = [
    {file = "pytubefix-7.4.0-py3-none-any.whl", hash = "sha256:c7e2c31f7edae7e24f9605b1e7d01b75ac6f9f9978e2c6e6a29ead0a9040310a"},
    {file = "pytubefix-7.4.0.tar.gz", hash = "sha256:9534219957058b53a20cf7939f163d4afb96356ab0f1d9d60274db1567b4cd88"},
]

[metadata]
lock-version = "2.1"
python-versions = "^3.12"
content-hash = "caad32707bce3fb291391938fca7c3fa60282930ee8959edacc626e826dc52c4"
