# This file is automatically @generated by Poetry 1.8.3 and should not be changed by hand.

[[package]]
name = "pytubefix"
version = "7.1.3"
description = "Python3 library for downloading YouTube Videos."
optional = false
python-versions = ">=3.7"
files = [
    {file = "pytubefix-7.1.3-py3-none-any.whl", hash = "sha256:90be448a99cfab53aec227c9a79ceaefe25818d4cc96fc177712527f4ece6378"},
    {file = "pytubefix-7.1.3.tar.gz", hash = "sha256:50c589b64863fac3c8a975fb5cf6e3482e0ed14c65b2a0eaf0d440742c8d7874"},
]

[metadata]
lock-version = "2.0"
python-versions = "^3.12"
content-hash = "caad32707bce3fb291391938fca7c3fa60282930ee8959edacc626e826dc52c4"
